# This file was autogenerated by Stack.
# You should not edit this file by hand.
# For more information, please see the documentation at:
#   https://docs.haskellstack.org/en/stable/lock_files

packages:
- completed:
    hackage: unliftio-core-0.2.0.1@sha256:9b3e44ea9aacacbfc35b3b54015af450091916ac3618a41868ebf6546977659a,1082
    pantry-tree:
      size: 328
      sha256: e81c5a1e82ec2cd68cbbbec9cd60567363abe02257fa1370a906f6754b6818b8
  original:
    hackage: unliftio-core-0.2.0.1
snapshots:
- completed:
    size: 532386
    url: https://raw.githubusercontent.com/commercialhaskell/stackage-snapshots/master/lts/16/17.yaml
    sha256: d3ee1ae797cf63189c95cf27f00700304946c5cb3c1e6a82001cd6584a221e1b
  original: lts-16.17
